<?xml version="1.0" encoding="utf-8"?>
<Project ToolsVersion="4.0" xmlns="http://schemas.microsoft.com/developer/msbuild/2003">
  <ItemGroup>
    <ClInclude Include="$(MSBuildThisFileDirectory)handlers.h" />
    <ClInclude Include="$(MSBuildThisFileDirectory)helpers.h" />
    <ClInclude Include="$(MSBuildThisFileDirectory)includes.h" />
    <ClInclude Include="$(MSBuildThisFileDirectory)GL\glext.h">
      <Filter>GL</Filter>
    </ClInclude>
    <ClInclude Include="$(MSBuildThisFileDirectory)GL\glut.h">
      <Filter>GL</Filter>
    </ClInclude>
    <ClInclude Include="$(MSBuildThisFileDirectory)bitmap.h" />
  </ItemGroup>
  <ItemGroup>
    <Filter Include="GL">
      <UniqueIdentifier>{f24c98b1-b8db-4eee-abab-1b72d708af50}</UniqueIdentifier>
    </Filter>
  </ItemGroup>
</Project>