<?xml version="1.0" encoding="utf-8"?>
<Project ToolsVersion="4.0" xmlns="http://schemas.microsoft.com/developer/msbuild/2003">
  <ItemGroup>
    <Filter Include="lib">
      <UniqueIdentifier>{6d89115e-5cd8-45c7-b237-05d51b3a3a10}</UniqueIdentifier>
    </Filter>
    <Filter Include="lib\GL">
      <UniqueIdentifier>{d3b00fb8-ac41-46b0-b6ca-12c9109104f3}</UniqueIdentifier>
    </Filter>
  </ItemGroup>
  <ItemGroup>
    <ClInclude Include="lib\bitmap.h">
      <Filter>lib</Filter>
    </ClInclude>
    <ClInclude Include="lib\handlers.h">
      <Filter>lib</Filter>
    </ClInclude>
    <ClInclude Include="lib\helpers.h">
      <Filter>lib</Filter>
    </ClInclude>
    <ClInclude Include="lib\includes.h">
      <Filter>lib</Filter>
    </ClInclude>
    <ClInclude Include="lib\GL\glext.h">
      <Filter>lib\GL</Filter>
    </ClInclude>
    <ClInclude Include="lib\GL\glut.h">
      <Filter>lib\GL</Filter>
    </ClInclude>
  </ItemGroup>
  <ItemGroup>
    <CudaCompile Include="julia.cu" />
  </ItemGroup>
</Project>