
Microsoft Visual Studio Solution File, Format Version 12.00
# Visual Studio 15
VisualStudioVersion = 15.0.27428.2002
MinimumVisualStudioVersion = 10.0.40219.1
Project("{8BC9CEB8-8B4A-11D0-8D11-00A0C91BC942}") = "Julia-GL", "Julia-GL.vcxproj", "{49E3AD75-6911-4658-A92B-9F26975EFCEA}"
EndProject
Global
    GlobalSection(SolutionConfigurationPlatforms) = preSolution
        Debug|x64 = Debug|x64
        Release|x64 = Release|x64
    EndGlobalSection
    GlobalSection(ProjectConfigurationPlatforms) = postSolution
        {49E3AD75-6911-4658-A92B-9F26975EFCEA}.Debug|x64.ActiveCfg = Debug|x64
        {49E3AD75-6911-4658-A92B-9F26975EFCEA}.Debug|x64.Build.0 = Debug|x64
        {49E3AD75-6911-4658-A92B-9F26975EFCEA}.Release|x64.ActiveCfg = Release|x64
        {49E3AD75-6911-4658-A92B-9F26975EFCEA}.Release|x64.Build.0 = Release|x64
    EndGlobalSection
    GlobalSection(SolutionProperties) = preSolution
        HideSolutionNode = FALSE
    EndGlobalSection
    GlobalSection(ExtensibilityGlobals) = postSolution
        SolutionGuid = {0DA8557D-53BA-41DD-A48F-776100435ACD}
    EndGlobalSection
EndGlobal
